
Microsoft Visual Studio Solution File, Format Version 12.00
# Visual Studio Version 17
VisualStudioVersion = 17.9.34723.18
MinimumVisualStudioVersion = 10.0.40219.1
Project("{FAE04EC0-301F-11D3-BF4B-00C04F79EFBC}") = "QuanLyTrungTamAnhNgu", "QuanLyTrungTamAnhNgu\QuanLyTrungTamAnhNgu.csproj", "{14CB6504-1493-463B-B566-09CE721B577C}"
EndProject
Global
	GlobalSection(SolutionConfigurationPlatforms) = preSolution
		Debug|Any CPU = Debug|Any CPU
		Release|Any CPU = Release|Any CPU
	EndGlobalSection
	GlobalSection(ProjectConfigurationPlatforms) = postSolution
		{14CB6504-1493-463B-B566-09CE721B577C}.Debug|Any CPU.ActiveCfg = Debug|Any CPU
		{14CB6504-1493-463B-B566-09CE721B577C}.Debug|Any CPU.Build.0 = Debug|Any CPU
		{14CB6504-1493-463B-B566-09CE721B577C}.Release|Any CPU.ActiveCfg = Release|Any CPU
		{14CB6504-1493-463B-B566-09CE721B577C}.Release|Any CPU.Build.0 = Release|Any CPU
	EndGlobalSection
	GlobalSection(SolutionProperties) = preSolution
		HideSolutionNode = FALSE
	EndGlobalSection
	GlobalSection(ExtensibilityGlobals) = postSolution
		SolutionGuid = {9B456554-76E1-4051-9C03-B97CA73431EB}
	EndGlobalSection
EndGlobal
